
Microsoft Visual Studio Solution File, Format Version 12.00
# Visual Studio Version 17
VisualStudioVersion = 17.14.36429.23 d17.14
MinimumVisualStudioVersion = 10.0.40219.1
Project("{FAE04EC0-301F-11D3-BF4B-00C04F79EFBC}") = "Journal Test", "Journal Test\Journal Test.csproj", "{6A9BD74D-8E23-48D7-8CDD-E3BD8A83BB95}"
EndProject
Global
	GlobalSection(SolutionConfigurationPlatforms) = preSolution
		Debug|Any CPU = Debug|Any CPU
		Release|Any CPU = Release|Any CPU
	EndGlobalSection
	GlobalSection(ProjectConfigurationPlatforms) = postSolution
		{6A9BD74D-8E23-48D7-8CDD-E3BD8A83BB95}.Debug|Any CPU.ActiveCfg = Debug|Any CPU
		{6A9BD74D-8E23-48D7-8CDD-E3BD8A83BB95}.Debug|Any CPU.Build.0 = Debug|Any CPU
		{6A9BD74D-8E23-48D7-8CDD-E3BD8A83BB95}.Release|Any CPU.ActiveCfg = Release|Any CPU
		{6A9BD74D-8E23-48D7-8CDD-E3BD8A83BB95}.Release|Any CPU.Build.0 = Release|Any CPU
	EndGlobalSection
	GlobalSection(SolutionProperties) = preSolution
		HideSolutionNode = FALSE
	EndGlobalSection
	GlobalSection(ExtensibilityGlobals) = postSolution
		SolutionGuid = {DF76A5AA-59F8-437B-8797-F7C178D36D65}
	EndGlobalSection
EndGlobal
